// !$*UTF8*$!
{
	archiveVersion = 1;
	classes = {
	};
	objectVersion = 56;
	objects = {

/* Begin PBXBuildFile section */
		8F24E82129AF3ED100567261 /* DataManager.swift in Sources */ = {isa = PBXBuildFile; fileRef = 8F24E82029AF3ED100567261 /* DataManager.swift */; };
		8F24E82329AF454700567261 /* PreView.swift in Sources */ = {isa = PBXBuildFile; fileRef = 8F24E82229AF454700567261 /* PreView.swift */; };
		8F24E82529AF4D6100567261 /* Cell1.swift in Sources */ = {isa = PBXBuildFile; fileRef = 8F24E82429AF4D6100567261 /* Cell1.swift */; };
		8F24E82729AF4FBC00567261 /* Header.swift in Sources */ = {isa = PBXBuildFile; fileRef = 8F24E82629AF4FBC00567261 /* Header.swift */; };
		8FAFA4C629B0ED7A00151CEF /* Layout.swift in Sources */ = {isa = PBXBuildFile; fileRef = 8FAFA4C529B0ED7A00151CEF /* Layout.swift */; };
		8FAFA4C829B0EEAB00151CEF /* Cell2.swift in Sources */ = {isa = PBXBuildFile; fileRef = 8FAFA4C729B0EEAB00151CEF /* Cell2.swift */; };
		8FAFA4CA29B0EEB500151CEF /* Cell3.swift in Sources */ = {isa = PBXBuildFile; fileRef = 8FAFA4C929B0EEB500151CEF /* Cell3.swift */; };
		8FD9226129AE38CA00CC2176 /* AppDelegate.swift in Sources */ = {isa = PBXBuildFile; fileRef = 8FD9226029AE38CA00CC2176 /* AppDelegate.swift */; };
		8FD9226329AE38CA00CC2176 /* SceneDelegate.swift in Sources */ = {isa = PBXBuildFile; fileRef = 8FD9226229AE38CA00CC2176 /* SceneDelegate.swift */; };
		8FD9226529AE38CA00CC2176 /* ViewController.swift in Sources */ = {isa = PBXBuildFile; fileRef = 8FD9226429AE38CA00CC2176 /* ViewController.swift */; };
		8FD9226829AE38CA00CC2176 /* Main.storyboard in Resources */ = {isa = PBXBuildFile; fileRef = 8FD9226629AE38CA00CC2176 /* Main.storyboard */; };
		8FD9226A29AE38CC00CC2176 /* Assets.xcassets in Resources */ = {isa = PBXBuildFile; fileRef = 8FD9226929AE38CC00CC2176 /* Assets.xcassets */; };
		8FD9226D29AE38CC00CC2176 /* LaunchScreen.storyboard in Resources */ = {isa = PBXBuildFile; fileRef = 8FD9226B29AE38CC00CC2176 /* LaunchScreen.storyboard */; };
		8FD9227529AE38EE00CC2176 /* Data.swift in Sources */ = {isa = PBXBuildFile; fileRef = 8FD9227429AE38EE00CC2176 /* Data.swift */; };
		B3561B5B04E73D8BFB9FA3BD /* Pods_MyWeather.framework in Frameworks */ = {isa = PBXBuildFile; fileRef = 277B12D14E7F4C7AD70B90D5 /* Pods_MyWeather.framework */; };
/* End PBXBuildFile section */

/* Begin PBXFileReference section */
		277B12D14E7F4C7AD70B90D5 /* Pods_MyWeather.framework */ = {isa = PBXFileReference; explicitFileType = wrapper.framework; includeInIndex = 0; path = Pods_MyWeather.framework; sourceTree = BUILT_PRODUCTS_DIR; };
		5F23D07D34E96EAE11F14263 /* Pods-MyWeather.release.xcconfig */ = {isa = PBXFileReference; includeInIndex = 1; lastKnownFileType = text.xcconfig; name = "Pods-MyWeather.release.xcconfig"; path = "Target Support Files/Pods-MyWeather/Pods-MyWeather.release.xcconfig"; sourceTree = "<group>"; };
		7B618ABF084409621023EB1A /* Pods-MyWeather.debug.xcconfig */ = {isa = PBXFileReference; includeInIndex = 1; lastKnownFileType = text.xcconfig; name = "Pods-MyWeather.debug.xcconfig"; path = "Target Support Files/Pods-MyWeather/Pods-MyWeather.debug.xcconfig"; sourceTree = "<group>"; };
		8F24E82029AF3ED100567261 /* DataManager.swift */ = {isa = PBXFileReference; lastKnownFileType = sourcecode.swift; path = DataManager.swift; sourceTree = "<group>"; };
		8F24E82229AF454700567261 /* PreView.swift */ = {isa = PBXFileReference; lastKnownFileType = sourcecode.swift; path = PreView.swift; sourceTree = "<group>"; };
		8F24E82429AF4D6100567261 /* Cell1.swift */ = {isa = PBXFileReference; lastKnownFileType = sourcecode.swift; path = Cell1.swift; sourceTree = "<group>"; };
		8F24E82629AF4FBC00567261 /* Header.swift */ = {isa = PBXFileReference; lastKnownFileType = sourcecode.swift; path = Header.swift; sourceTree = "<group>"; };
		8FAFA4C529B0ED7A00151CEF /* Layout.swift */ = {isa = PBXFileReference; lastKnownFileType = sourcecode.swift; path = Layout.swift; sourceTree = "<group>"; };
		8FAFA4C729B0EEAB00151CEF /* Cell2.swift */ = {isa = PBXFileReference; lastKnownFileType = sourcecode.swift; path = Cell2.swift; sourceTree = "<group>"; };
		8FAFA4C929B0EEB500151CEF /* Cell3.swift */ = {isa = PBXFileReference; lastKnownFileType = sourcecode.swift; path = Cell3.swift; sourceTree = "<group>"; };
		8FD9225D29AE38CA00CC2176 /* MyWeather.app */ = {isa = PBXFileReference; explicitFileType = wrapper.application; includeInIndex = 0; path = MyWeather.app; sourceTree = BUILT_PRODUCTS_DIR; };
		8FD9226029AE38CA00CC2176 /* AppDelegate.swift */ = {isa = PBXFileReference; lastKnownFileType = sourcecode.swift; path = AppDelegate.swift; sourceTree = "<group>"; };
		8FD9226229AE38CA00CC2176 /* SceneDelegate.swift */ = {isa = PBXFileReference; lastKnownFileType = sourcecode.swift; path = SceneDelegate.swift; sourceTree = "<group>"; };
		8FD9226429AE38CA00CC2176 /* ViewController.swift */ = {isa = PBXFileReference; lastKnownFileType = sourcecode.swift; path = ViewController.swift; sourceTree = "<group>"; };
		8FD9226729AE38CA00CC2176 /* Base */ = {isa = PBXFileReference; lastKnownFileType = file.storyboard; name = Base; path = Base.lproj/Main.storyboard; sourceTree = "<group>"; };
		8FD9226929AE38CC00CC2176 /* Assets.xcassets */ = {isa = PBXFileReference; lastKnownFileType = folder.assetcatalog; path = Assets.xcassets; sourceTree = "<group>"; };
		8FD9226C29AE38CC00CC2176 /* Base */ = {isa = PBXFileReference; lastKnownFileType = file.storyboard; name = Base; path = Base.lproj/LaunchScreen.storyboard; sourceTree = "<group>"; };
		8FD9226E29AE38CC00CC2176 /* Info.plist */ = {isa = PBXFileReference; lastKnownFileType = text.plist.xml; path = Info.plist; sourceTree = "<group>"; };
		8FD9227429AE38EE00CC2176 /* Data.swift */ = {isa = PBXFileReference; lastKnownFileType = sourcecode.swift; path = Data.swift; sourceTree = "<group>"; };
/* End PBXFileReference section */

/* Begin PBXFrameworksBuildPhase section */
		8FD9225A29AE38CA00CC2176 /* Frameworks */ = {
			isa = PBXFrameworksBuildPhase;
			buildActionMask = 2147483647;
			files = (
				B3561B5B04E73D8BFB9FA3BD /* Pods_MyWeather.framework in Frameworks */,
			);
			runOnlyForDeploymentPostprocessing = 0;
		};
/* End PBXFrameworksBuildPhase section */

/* Begin PBXGroup section */
		502320C05571256769EDC1DE /* Pods */ = {
			isa = PBXGroup;
			children = (
				7B618ABF084409621023EB1A /* Pods-MyWeather.debug.xcconfig */,
				5F23D07D34E96EAE11F14263 /* Pods-MyWeather.release.xcconfig */,
			);
			path = Pods;
			sourceTree = "<group>";
		};
		7520B8B761E941F56B97BDE8 /* Frameworks */ = {
			isa = PBXGroup;
			children = (
				277B12D14E7F4C7AD70B90D5 /* Pods_MyWeather.framework */,
			);
			name = Frameworks;
			sourceTree = "<group>";
		};
		8FD9225429AE38CA00CC2176 = {
			isa = PBXGroup;
			children = (
				8FD9225F29AE38CA00CC2176 /* MyWeather */,
				8FD9225E29AE38CA00CC2176 /* Products */,
				502320C05571256769EDC1DE /* Pods */,
				7520B8B761E941F56B97BDE8 /* Frameworks */,
			);
			sourceTree = "<group>";
		};
		8FD9225E29AE38CA00CC2176 /* Products */ = {
			isa = PBXGroup;
			children = (
				8FD9225D29AE38CA00CC2176 /* MyWeather.app */,
			);
			name = Products;
			sourceTree = "<group>";
		};
		8FD9225F29AE38CA00CC2176 /* MyWeather */ = {
			isa = PBXGroup;
			children = (
				8FD9226029AE38CA00CC2176 /* AppDelegate.swift */,
				8FD9226229AE38CA00CC2176 /* SceneDelegate.swift */,
				8FD9227429AE38EE00CC2176 /* Data.swift */,
				8F24E82029AF3ED100567261 /* DataManager.swift */,
				8FAFA4C529B0ED7A00151CEF /* Layout.swift */,
				8FD9226429AE38CA00CC2176 /* ViewController.swift */,
				8F24E82429AF4D6100567261 /* Cell1.swift */,
				8FAFA4C729B0EEAB00151CEF /* Cell2.swift */,
				8FAFA4C929B0EEB500151CEF /* Cell3.swift */,
				8F24E82629AF4FBC00567261 /* Header.swift */,
				8FD9226629AE38CA00CC2176 /* Main.storyboard */,
				8FD9226929AE38CC00CC2176 /* Assets.xcassets */,
				8FD9226B29AE38CC00CC2176 /* LaunchScreen.storyboard */,
				8FD9226E29AE38CC00CC2176 /* Info.plist */,
				8F24E82229AF454700567261 /* PreView.swift */,
			);
			path = MyWeather;
			sourceTree = "<group>";
		};
/* End PBXGroup section */

/* Begin PBXNativeTarget section */
		8FD9225C29AE38CA00CC2176 /* MyWeather */ = {
			isa = PBXNativeTarget;
			buildConfigurationList = 8FD9227129AE38CC00CC2176 /* Build configuration list for PBXNativeTarget "MyWeather" */;
			buildPhases = (
				8BF75CFE30C7AE756110F0F1 /* [CP] Check Pods Manifest.lock */,
				8FD9225929AE38CA00CC2176 /* Sources */,
				8FD9225A29AE38CA00CC2176 /* Frameworks */,
				8FD9225B29AE38CA00CC2176 /* Resources */,
				C5A4B35D01C0C98FAB474471 /* [CP] Embed Pods Frameworks */,
			);
			buildRules = (
			);
			dependencies = (
			);
			name = MyWeather;
			productName = MyWeather;
			productReference = 8FD9225D29AE38CA00CC2176 /* MyWeather.app */;
			productType = "com.apple.product-type.application";
		};
/* End PBXNativeTarget section */

/* Begin PBXProject section */
		8FD9225529AE38CA00CC2176 /* Project object */ = {
			isa = PBXProject;
			attributes = {
				BuildIndependentTargetsInParallel = 1;
				LastSwiftUpdateCheck = 1420;
				LastUpgradeCheck = 1420;
				TargetAttributes = {
					8FD9225C29AE38CA00CC2176 = {
						CreatedOnToolsVersion = 14.2;
					};
				};
			};
			buildConfigurationList = 8FD9225829AE38CA00CC2176 /* Build configuration list for PBXProject "MyWeather" */;
			compatibilityVersion = "Xcode 14.0";
			developmentRegion = en;
			hasScannedForEncodings = 0;
			knownRegions = (
				en,
				Base,
			);
			mainGroup = 8FD9225429AE38CA00CC2176;
			productRefGroup = 8FD9225E29AE38CA00CC2176 /* Products */;
			projectDirPath = "";
			projectRoot = "";
			targets = (
				8FD9225C29AE38CA00CC2176 /* MyWeather */,
			);
		};
/* End PBXProject section */

/* Begin PBXResourcesBuildPhase section */
		8FD9225B29AE38CA00CC2176 /* Resources */ = {
			isa = PBXResourcesBuildPhase;
			buildActionMask = 2147483647;
			files = (
				8FD9226D29AE38CC00CC2176 /* LaunchScreen.storyboard in Resources */,
				8FD9226A29AE38CC00CC2176 /* Assets.xcassets in Resources */,
				8FD9226829AE38CA00CC2176 /* Main.storyboard in Resources */,
			);
			runOnlyForDeploymentPostprocessing = 0;
		};
/* End PBXResourcesBuildPhase section */

/* Begin PBXShellScriptBuildPhase section */
		8BF75CFE30C7AE756110F0F1 /* [CP] Check Pods Manifest.lock */ = {
			isa = PBXShellScriptBuildPhase;
			buildActionMask = 2147483647;
			files = (
			);
			inputFileListPaths = (
			);
			inputPaths = (
				"${PODS_PODFILE_DIR_PATH}/Podfile.lock",
				"${PODS_ROOT}/Manifest.lock",
			);
			name = "[CP] Check Pods Manifest.lock";
			outputFileListPaths = (
			);
			outputPaths = (
				"$(DERIVED_FILE_DIR)/Pods-MyWeather-checkManifestLockResult.txt",
			);
			runOnlyForDeploymentPostprocessing = 0;
			shellPath = /bin/sh;
			shellScript = "diff \"${PODS_PODFILE_DIR_PATH}/Podfile.lock\" \"${PODS_ROOT}/Manifest.lock\" > /dev/null\nif [ $? != 0 ] ; then\n    # print error to STDERR\n    echo \"error: The sandbox is not in sync with the Podfile.lock. Run 'pod install' or update your CocoaPods installation.\" >&2\n    exit 1\nfi\n# This output is used by Xcode 'outputs' to avoid re-running this script phase.\necho \"SUCCESS\" > \"${SCRIPT_OUTPUT_FILE_0}\"\n";
			showEnvVarsInLog = 0;
		};
		C5A4B35D01C0C98FAB474471 /* [CP] Embed Pods Frameworks */ = {
			isa = PBXShellScriptBuildPhase;
			buildActionMask = 2147483647;
			files = (
			);
			inputFileListPaths = (
				"${PODS_ROOT}/Target Support Files/Pods-MyWeather/Pods-MyWeather-frameworks-${CONFIGURATION}-input-files.xcfilelist",
			);
			name = "[CP] Embed Pods Frameworks";
			outputFileListPaths = (
				"${PODS_ROOT}/Target Support Files/Pods-MyWeather/Pods-MyWeather-frameworks-${CONFIGURATION}-output-files.xcfilelist",
			);
			runOnlyForDeploymentPostprocessing = 0;
			shellPath = /bin/sh;
			shellScript = "\"${PODS_ROOT}/Target Support Files/Pods-MyWeather/Pods-MyWeather-frameworks.sh\"\n";
			showEnvVarsInLog = 0;
		};
/* End PBXShellScriptBuildPhase section */

/* Begin PBXSourcesBuildPhase section */
		8FD9225929AE38CA00CC2176 /* Sources */ = {
			isa = PBXSourcesBuildPhase;
			buildActionMask = 2147483647;
			files = (
				8F24E82729AF4FBC00567261 /* Header.swift in Sources */,
				8FD9226529AE38CA00CC2176 /* ViewController.swift in Sources */,
				8F24E82129AF3ED100567261 /* DataManager.swift in Sources */,
				8FD9226129AE38CA00CC2176 /* AppDelegate.swift in Sources */,
				8FD9226329AE38CA00CC2176 /* SceneDelegate.swift in Sources */,
				8FAFA4C629B0ED7A00151CEF /* Layout.swift in Sources */,
				8FAFA4C829B0EEAB00151CEF /* Cell2.swift in Sources */,
				8F24E82329AF454700567261 /* PreView.swift in Sources */,
				8F24E82529AF4D6100567261 /* Cell1.swift in Sources */,
				8FAFA4CA29B0EEB500151CEF /* Cell3.swift in Sources */,
				8FD9227529AE38EE00CC2176 /* Data.swift in Sources */,
			);
			runOnlyForDeploymentPostprocessing = 0;
		};
/* End PBXSourcesBuildPhase section */

/* Begin PBXVariantGroup section */
		8FD9226629AE38CA00CC2176 /* Main.storyboard */ = {
			isa = PBXVariantGroup;
			children = (
				8FD9226729AE38CA00CC2176 /* Base */,
			);
			name = Main.storyboard;
			sourceTree = "<group>";
		};
		8FD9226B29AE38CC00CC2176 /* LaunchScreen.storyboard */ = {
			isa = PBXVariantGroup;
			children = (
				8FD9226C29AE38CC00CC2176 /* Base */,
			);
			name = LaunchScreen.storyboard;
			sourceTree = "<group>";
		};
/* End PBXVariantGroup section */

/* Begin XCBuildConfiguration section */
		8FD9226F29AE38CC00CC2176 /* Debug */ = {
			isa = XCBuildConfiguration;
			buildSettings = {
				ALWAYS_SEARCH_USER_PATHS = NO;
				CLANG_ANALYZER_NONNULL = YES;
				CLANG_ANALYZER_NUMBER_OBJECT_CONVERSION = YES_AGGRESSIVE;
				CLANG_CXX_LANGUAGE_STANDARD = "gnu++20";
				CLANG_ENABLE_MODULES = YES;
				CLANG_ENABLE_OBJC_ARC = YES;
				CLANG_ENABLE_OBJC_WEAK = YES;
				CLANG_WARN_BLOCK_CAPTURE_AUTORELEASING = YES;
				CLANG_WARN_BOOL_CONVERSION = YES;
				CLANG_WARN_COMMA = YES;
				CLANG_WARN_CONSTANT_CONVERSION = YES;
				CLANG_WARN_DEPRECATED_OBJC_IMPLEMENTATIONS = YES;
				CLANG_WARN_DIRECT_OBJC_ISA_USAGE = YES_ERROR;
				CLANG_WARN_DOCUMENTATION_COMMENTS = YES;
				CLANG_WARN_EMPTY_BODY = YES;
				CLANG_WARN_ENUM_CONVERSION = YES;
				CLANG_WARN_INFINITE_RECURSION = YES;
				CLANG_WARN_INT_CONVERSION = YES;
				CLANG_WARN_NON_LITERAL_NULL_CONVERSION = YES;
				CLANG_WARN_OBJC_IMPLICIT_RETAIN_SELF = YES;
				CLANG_WARN_OBJC_LITERAL_CONVERSION = YES;
				CLANG_WARN_OBJC_ROOT_CLASS = YES_ERROR;
				CLANG_WARN_QUOTED_INCLUDE_IN_FRAMEWORK_HEADER = YES;
				CLANG_WARN_RANGE_LOOP_ANALYSIS = YES;
				CLANG_WARN_STRICT_PROTOTYPES = YES;
				CLANG_WARN_SUSPICIOUS_MOVE = YES;
				CLANG_WARN_UNGUARDED_AVAILABILITY = YES_AGGRESSIVE;
				CLANG_WARN_UNREACHABLE_CODE = YES;
				CLANG_WARN__DUPLICATE_METHOD_MATCH = YES;
				COPY_PHASE_STRIP = NO;
				DEBUG_INFORMATION_FORMAT = dwarf;
				ENABLE_STRICT_OBJC_MSGSEND = YES;
				ENABLE_TESTABILITY = YES;
				GCC_C_LANGUAGE_STANDARD = gnu11;
				GCC_DYNAMIC_NO_PIC = NO;
				GCC_NO_COMMON_BLOCKS = YES;
				GCC_OPTIMIZATION_LEVEL = 0;
				GCC_PREPROCESSOR_DEFINITIONS = (
					"DEBUG=1",
					"$(inherited)",
				);
				GCC_WARN_64_TO_32_BIT_CONVERSION = YES;
				GCC_WARN_ABOUT_RETURN_TYPE = YES_ERROR;
				GCC_WARN_UNDECLARED_SELECTOR = YES;
				GCC_WARN_UNINITIALIZED_AUTOS = YES_AGGRESSIVE;
				GCC_WARN_UNUSED_FUNCTION = YES;
				GCC_WARN_UNUSED_VARIABLE = YES;
				IPHONEOS_DEPLOYMENT_TARGET = 16.2;
				MTL_ENABLE_DEBUG_INFO = INCLUDE_SOURCE;
				MTL_FAST_MATH = YES;
				ONLY_ACTIVE_ARCH = YES;
				SDKROOT = iphoneos;
				SWIFT_ACTIVE_COMPILATION_CONDITIONS = DEBUG;
				SWIFT_OPTIMIZATION_LEVEL = "-Onone";
			};
			name = Debug;
		};
		8FD9227029AE38CC00CC2176 /* Release */ = {
			isa = XCBuildConfiguration;
			buildSettings = {
				ALWAYS_SEARCH_USER_PATHS = NO;
				CLANG_ANALYZER_NONNULL = YES;
				CLANG_ANALYZER_NUMBER_OBJECT_CONVERSION = YES_AGGRESSIVE;
				CLANG_CXX_LANGUAGE_STANDARD = "gnu++20";
				CLANG_ENABLE_MODULES = YES;
				CLANG_ENABLE_OBJC_ARC = YES;
				CLANG_ENABLE_OBJC_WEAK = YES;
				CLANG_WARN_BLOCK_CAPTURE_AUTORELEASING = YES;
				CLANG_WARN_BOOL_CONVERSION = YES;
				CLANG_WARN_COMMA = YES;
				CLANG_WARN_CONSTANT_CONVERSION = YES;
				CLANG_WARN_DEPRECATED_OBJC_IMPLEMENTATIONS = YES;
				CLANG_WARN_DIRECT_OBJC_ISA_USAGE = YES_ERROR;
				CLANG_WARN_DOCUMENTATION_COMMENTS = YES;
				CLANG_WARN_EMPTY_BODY = YES;
				CLANG_WARN_ENUM_CONVERSION = YES;
				CLANG_WARN_INFINITE_RECURSION = YES;
				CLANG_WARN_INT_CONVERSION = YES;
				CLANG_WARN_NON_LITERAL_NULL_CONVERSION = YES;
				CLANG_WARN_OBJC_IMPLICIT_RETAIN_SELF = YES;
				CLANG_WARN_OBJC_LITERAL_CONVERSION = YES;
				CLANG_WARN_OBJC_ROOT_CLASS = YES_ERROR;
				CLANG_WARN_QUOTED_INCLUDE_IN_FRAMEWORK_HEADER = YES;
				CLANG_WARN_RANGE_LOOP_ANALYSIS = YES;
				CLANG_WARN_STRICT_PROTOTYPES = YES;
				CLANG_WARN_SUSPICIOUS_MOVE = YES;
				CLANG_WARN_UNGUARDED_AVAILABILITY = YES_AGGRESSIVE;
				CLANG_WARN_UNREACHABLE_CODE = YES;
				CLANG_WARN__DUPLICATE_METHOD_MATCH = YES;
				COPY_PHASE_STRIP = NO;
				DEBUG_INFORMATION_FORMAT = "dwarf-with-dsym";
				ENABLE_NS_ASSERTIONS = NO;
				ENABLE_STRICT_OBJC_MSGSEND = YES;
				GCC_C_LANGUAGE_STANDARD = gnu11;
				GCC_NO_COMMON_BLOCKS = YES;
				GCC_WARN_64_TO_32_BIT_CONVERSION = YES;
				GCC_WARN_ABOUT_RETURN_TYPE = YES_ERROR;
				GCC_WARN_UNDECLARED_SELECTOR = YES;
				GCC_WARN_UNINITIALIZED_AUTOS = YES_AGGRESSIVE;
				GCC_WARN_UNUSED_FUNCTION = YES;
				GCC_WARN_UNUSED_VARIABLE = YES;
				IPHONEOS_DEPLOYMENT_TARGET = 16.2;
				MTL_ENABLE_DEBUG_INFO = NO;
				MTL_FAST_MATH = YES;
				SDKROOT = iphoneos;
				SWIFT_COMPILATION_MODE = wholemodule;
				SWIFT_OPTIMIZATION_LEVEL = "-O";
				VALIDATE_PRODUCT = YES;
			};
			name = Release;
		};
		8FD9227229AE38CC00CC2176 /* Debug */ = {
			isa = XCBuildConfiguration;
			baseConfigurationReference = 7B618ABF084409621023EB1A /* Pods-MyWeather.debug.xcconfig */;
			buildSettings = {
				ASSETCATALOG_COMPILER_APPICON_NAME = AppIcon;
				ASSETCATALOG_COMPILER_GLOBAL_ACCENT_COLOR_NAME = AccentColor;
				CODE_SIGN_STYLE = Automatic;
				CURRENT_PROJECT_VERSION = 1;
				DEVELOPMENT_TEAM = 89BLGRU39K;
				GENERATE_INFOPLIST_FILE = YES;
				INFOPLIST_FILE = MyWeather/Info.plist;
				INFOPLIST_KEY_UIApplicationSupportsIndirectInputEvents = YES;
				INFOPLIST_KEY_UILaunchStoryboardName = LaunchScreen;
				INFOPLIST_KEY_UIMainStoryboardFile = Main;
				INFOPLIST_KEY_UISupportedInterfaceOrientations_iPad = "UIInterfaceOrientationPortrait UIInterfaceOrientationPortraitUpsideDown UIInterfaceOrientationLandscapeLeft UIInterfaceOrientationLandscapeRight";
				INFOPLIST_KEY_UISupportedInterfaceOrientations_iPhone = "UIInterfaceOrientationPortrait UIInterfaceOrientationLandscapeLeft UIInterfaceOrientationLandscapeRight";
				LD_RUNPATH_SEARCH_PATHS = (
					"$(inherited)",
					"@executable_path/Frameworks",
				);
				MARKETING_VERSION = 1.0;
				PRODUCT_BUNDLE_IDENTIFIER = com.hsuuuk.MyWeather;
				PRODUCT_NAME = "$(TARGET_NAME)";
				SWIFT_EMIT_LOC_STRINGS = YES;
				SWIFT_VERSION = 5.0;
				TARGETED_DEVICE_FAMILY = "1,2";
			};
			name = Debug;
		};
		8FD9227329AE38CC00CC2176 /* Release */ = {
			isa = XCBuildConfiguration;
			baseConfigurationReference = 5F23D07D34E96EAE11F14263 /* Pods-MyWeather.release.xcconfig */;
			buildSettings = {
				ASSETCATALOG_COMPILER_APPICON_NAME = AppIcon;
				ASSETCATALOG_COMPILER_GLOBAL_ACCENT_COLOR_NAME = AccentColor;
				CODE_SIGN_STYLE = Automatic;
				CURRENT_PROJECT_VERSION = 1;
				DEVELOPMENT_TEAM = 89BLGRU39K;
				GENERATE_INFOPLIST_FILE = YES;
				INFOPLIST_FILE = MyWeather/Info.plist;
				INFOPLIST_KEY_UIApplicationSupportsIndirectInputEvents = YES;
				INFOPLIST_KEY_UILaunchStoryboardName = LaunchScreen;
				INFOPLIST_KEY_UIMainStoryboardFile = Main;
				INFOPLIST_KEY_UISupportedInterfaceOrientations_iPad = "UIInterfaceOrientationPortrait UIInterfaceOrientationPortraitUpsideDown UIInterfaceOrientationLandscapeLeft UIInterfaceOrientationLandscapeRight";
				INFOPLIST_KEY_UISupportedInterfaceOrientations_iPhone = "UIInterfaceOrientationPortrait UIInterfaceOrientationLandscapeLeft UIInterfaceOrientationLandscapeRight";
				LD_RUNPATH_SEARCH_PATHS = (
					"$(inherited)",
					"@executable_path/Frameworks",
				);
				MARKETING_VERSION = 1.0;
				PRODUCT_BUNDLE_IDENTIFIER = com.hsuuuk.MyWeather;
				PRODUCT_NAME = "$(TARGET_NAME)";
				SWIFT_EMIT_LOC_STRINGS = YES;
				SWIFT_VERSION = 5.0;
				TARGETED_DEVICE_FAMILY = "1,2";
			};
			name = Release;
		};
/* End XCBuildConfiguration section */

/* Begin XCConfigurationList section */
		8FD9225829AE38CA00CC2176 /* Build configuration list for PBXProject "MyWeather" */ = {
			isa = XCConfigurationList;
			buildConfigurations = (
				8FD9226F29AE38CC00CC2176 /* Debug */,
				8FD9227029AE38CC00CC2176 /* Release */,
			);
			defaultConfigurationIsVisible = 0;
			defaultConfigurationName = Release;
		};
		8FD9227129AE38CC00CC2176 /* Build configuration list for PBXNativeTarget "MyWeather" */ = {
			isa = XCConfigurationList;
			buildConfigurations = (
				8FD9227229AE38CC00CC2176 /* Debug */,
				8FD9227329AE38CC00CC2176 /* Release */,
			);
			defaultConfigurationIsVisible = 0;
			defaultConfigurationName = Release;
		};
/* End XCConfigurationList section */
	};
	rootObject = 8FD9225529AE38CA00CC2176 /* Project object */;
}
